
Microsoft Visual Studio Solution File, Format Version 12.00
# Visual Studio Version 16
VisualStudioVersion = 16.0.30717.126
MinimumVisualStudioVersion = 10.0.40219.1
Project("{9A19103F-16F7-4668-BE54-9A1E7A4F7556}") = "Metaverse.Bot", "Metaverse.Bot\Metaverse.Bot.csproj", "{698A52A5-CEAB-4022-A9DA-A2FD0F67E097}"
EndProject
Project("{9A19103F-16F7-4668-BE54-9A1E7A4F7556}") = "Metaverse.Functions", "Metaverse.Functions\Metaverse.Functions.csproj", "{2A923A38-78CE-4386-B756-2A9B32D6DDFA}"
EndProject
Global
	GlobalSection(SolutionConfigurationPlatforms) = preSolution
		Debug|Any CPU = Debug|Any CPU
		Release|Any CPU = Release|Any CPU
	EndGlobalSection
	GlobalSection(ProjectConfigurationPlatforms) = postSolution
		{698A52A5-CEAB-4022-A9DA-A2FD0F67E097}.Debug|Any CPU.ActiveCfg = Debug|Any CPU
		{698A52A5-CEAB-4022-A9DA-A2FD0F67E097}.Debug|Any CPU.Build.0 = Debug|Any CPU
		{698A52A5-CEAB-4022-A9DA-A2FD0F67E097}.Release|Any CPU.ActiveCfg = Release|Any CPU
		{698A52A5-CEAB-4022-A9DA-A2FD0F67E097}.Release|Any CPU.Build.0 = Release|Any CPU
		{2A923A38-78CE-4386-B756-2A9B32D6DDFA}.Debug|Any CPU.ActiveCfg = Debug|Any CPU
		{2A923A38-78CE-4386-B756-2A9B32D6DDFA}.Debug|Any CPU.Build.0 = Debug|Any CPU
		{2A923A38-78CE-4386-B756-2A9B32D6DDFA}.Release|Any CPU.ActiveCfg = Release|Any CPU
		{2A923A38-78CE-4386-B756-2A9B32D6DDFA}.Release|Any CPU.Build.0 = Release|Any CPU
	EndGlobalSection
	GlobalSection(SolutionProperties) = preSolution
		HideSolutionNode = FALSE
	EndGlobalSection
	GlobalSection(ExtensibilityGlobals) = postSolution
		SolutionGuid = {2FB2DA7D-1D60-4DD8-89DF-202D837A419B}
	EndGlobalSection
EndGlobal
